
Microsoft Visual Studio Solution File, Format Version 12.00
# Visual Studio Version 16
VisualStudioVersion = 16.0.32126.315
MinimumVisualStudioVersion = 10.0.40219.1
Project("{2150E333-8FDC-42A3-9474-1A3956D46DE8}") = "Services", "Services", "{34C9CD71-537F-4C0A-B8CD-AE28CF2C911F}"
EndProject
Project("{2150E333-8FDC-42A3-9474-1A3956D46DE8}") = "Catalog", "Catalog", "{68A48593-5B0D-4D3F-9AEB-1F291BF26307}"
EndProject
Project("{9A19103F-16F7-4668-BE54-9A1E7A4F7556}") = "Catalog.API", "Services\Catalog\Catalog.API\Catalog.API.csproj", "{D0496380-F653-4EC4-AFA6-4759A2AF4B18}"
EndProject
Project("{E53339B2-1760-4266-BCC7-CA923CBCF16C}") = "docker-compose", "docker-compose.dcproj", "{7BC2259B-ABDC-46F0-A539-B22E336662B5}"
EndProject
Project("{2150E333-8FDC-42A3-9474-1A3956D46DE8}") = "Basket", "Basket", "{F7A27880-C69D-489A-99C5-2EFFF7BA5866}"
EndProject
Project("{9A19103F-16F7-4668-BE54-9A1E7A4F7556}") = "Basket.API", "Services\Basket\Basket.API\Basket.API.csproj", "{843D7C7B-B9EF-4BDF-8016-F106B6AF5007}"
EndProject
Project("{2150E333-8FDC-42A3-9474-1A3956D46DE8}") = "Discount", "Discount", "{F5627066-AFA2-4A2F-B84D-8DD6C9A39D8D}"
EndProject
Project("{9A19103F-16F7-4668-BE54-9A1E7A4F7556}") = "Discount.API", "Services\Discount\Discount.API\Discount.API.csproj", "{9EE7C2C7-BFAF-4791-B268-46A6486DBF12}"
EndProject
Project("{9A19103F-16F7-4668-BE54-9A1E7A4F7556}") = "Discount.Grpc", "Services\Discount\Discount.Grpc\Discount.Grpc.csproj", "{33FF2DDE-FA2E-40B2-869A-31E801E7203B}"
EndProject
Project("{2150E333-8FDC-42A3-9474-1A3956D46DE8}") = "Ordering", "Ordering", "{3B605FCF-F41D-471F-B85A-FE1D200C68C7}"
EndProject
Project("{FAE04EC0-301F-11D3-BF4B-00C04F79EFBC}") = "Ordering.API", "Services\Ordering\Ordering.API\Ordering.API.csproj", "{AAE46002-957B-492A-A212-42B655510F4F}"
EndProject
Project("{FAE04EC0-301F-11D3-BF4B-00C04F79EFBC}") = "Ordering.Domain", "Services\Ordering\Ordering.Domain\Ordering.Domain.csproj", "{955860F5-EB72-4FE4-A8F2-7321693E11EF}"
EndProject
Project("{FAE04EC0-301F-11D3-BF4B-00C04F79EFBC}") = "Ordering.Application", "Services\Ordering\Ordering.Application\Ordering.Application.csproj", "{3D17DA86-35E0-4E71-9B4B-31518F23845C}"
EndProject
Project("{FAE04EC0-301F-11D3-BF4B-00C04F79EFBC}") = "Ordering.Infrastructure", "Services\Ordering\Ordering.Infrastructure\Ordering.Infrastructure.csproj", "{88D3CB08-5E52-472E-AD2E-B0B2EF188735}"
EndProject
Global
	GlobalSection(SolutionConfigurationPlatforms) = preSolution
		Debug|Any CPU = Debug|Any CPU
		Release|Any CPU = Release|Any CPU
	EndGlobalSection
	GlobalSection(ProjectConfigurationPlatforms) = postSolution
		{D0496380-F653-4EC4-AFA6-4759A2AF4B18}.Debug|Any CPU.ActiveCfg = Debug|Any CPU
		{D0496380-F653-4EC4-AFA6-4759A2AF4B18}.Debug|Any CPU.Build.0 = Debug|Any CPU
		{D0496380-F653-4EC4-AFA6-4759A2AF4B18}.Release|Any CPU.ActiveCfg = Release|Any CPU
		{D0496380-F653-4EC4-AFA6-4759A2AF4B18}.Release|Any CPU.Build.0 = Release|Any CPU
		{7BC2259B-ABDC-46F0-A539-B22E336662B5}.Debug|Any CPU.ActiveCfg = Debug|Any CPU
		{7BC2259B-ABDC-46F0-A539-B22E336662B5}.Debug|Any CPU.Build.0 = Debug|Any CPU
		{7BC2259B-ABDC-46F0-A539-B22E336662B5}.Release|Any CPU.ActiveCfg = Release|Any CPU
		{7BC2259B-ABDC-46F0-A539-B22E336662B5}.Release|Any CPU.Build.0 = Release|Any CPU
		{843D7C7B-B9EF-4BDF-8016-F106B6AF5007}.Debug|Any CPU.ActiveCfg = Debug|Any CPU
		{843D7C7B-B9EF-4BDF-8016-F106B6AF5007}.Debug|Any CPU.Build.0 = Debug|Any CPU
		{843D7C7B-B9EF-4BDF-8016-F106B6AF5007}.Release|Any CPU.ActiveCfg = Release|Any CPU
		{843D7C7B-B9EF-4BDF-8016-F106B6AF5007}.Release|Any CPU.Build.0 = Release|Any CPU
		{9EE7C2C7-BFAF-4791-B268-46A6486DBF12}.Debug|Any CPU.ActiveCfg = Debug|Any CPU
		{9EE7C2C7-BFAF-4791-B268-46A6486DBF12}.Debug|Any CPU.Build.0 = Debug|Any CPU
		{9EE7C2C7-BFAF-4791-B268-46A6486DBF12}.Release|Any CPU.ActiveCfg = Release|Any CPU
		{9EE7C2C7-BFAF-4791-B268-46A6486DBF12}.Release|Any CPU.Build.0 = Release|Any CPU
		{33FF2DDE-FA2E-40B2-869A-31E801E7203B}.Debug|Any CPU.ActiveCfg = Debug|Any CPU
		{33FF2DDE-FA2E-40B2-869A-31E801E7203B}.Debug|Any CPU.Build.0 = Debug|Any CPU
		{33FF2DDE-FA2E-40B2-869A-31E801E7203B}.Release|Any CPU.ActiveCfg = Release|Any CPU
		{33FF2DDE-FA2E-40B2-869A-31E801E7203B}.Release|Any CPU.Build.0 = Release|Any CPU
		{AAE46002-957B-492A-A212-42B655510F4F}.Debug|Any CPU.ActiveCfg = Debug|Any CPU
		{AAE46002-957B-492A-A212-42B655510F4F}.Debug|Any CPU.Build.0 = Debug|Any CPU
		{AAE46002-957B-492A-A212-42B655510F4F}.Release|Any CPU.ActiveCfg = Release|Any CPU
		{AAE46002-957B-492A-A212-42B655510F4F}.Release|Any CPU.Build.0 = Release|Any CPU
		{955860F5-EB72-4FE4-A8F2-7321693E11EF}.Debug|Any CPU.ActiveCfg = Debug|Any CPU
		{955860F5-EB72-4FE4-A8F2-7321693E11EF}.Debug|Any CPU.Build.0 = Debug|Any CPU
		{955860F5-EB72-4FE4-A8F2-7321693E11EF}.Release|Any CPU.ActiveCfg = Release|Any CPU
		{955860F5-EB72-4FE4-A8F2-7321693E11EF}.Release|Any CPU.Build.0 = Release|Any CPU
		{3D17DA86-35E0-4E71-9B4B-31518F23845C}.Debug|Any CPU.ActiveCfg = Debug|Any CPU
		{3D17DA86-35E0-4E71-9B4B-31518F23845C}.Debug|Any CPU.Build.0 = Debug|Any CPU
		{3D17DA86-35E0-4E71-9B4B-31518F23845C}.Release|Any CPU.ActiveCfg = Release|Any CPU
		{3D17DA86-35E0-4E71-9B4B-31518F23845C}.Release|Any CPU.Build.0 = Release|Any CPU
		{88D3CB08-5E52-472E-AD2E-B0B2EF188735}.Debug|Any CPU.ActiveCfg = Debug|Any CPU
		{88D3CB08-5E52-472E-AD2E-B0B2EF188735}.Debug|Any CPU.Build.0 = Debug|Any CPU
		{88D3CB08-5E52-472E-AD2E-B0B2EF188735}.Release|Any CPU.ActiveCfg = Release|Any CPU
		{88D3CB08-5E52-472E-AD2E-B0B2EF188735}.Release|Any CPU.Build.0 = Release|Any CPU
	EndGlobalSection
	GlobalSection(SolutionProperties) = preSolution
		HideSolutionNode = FALSE
	EndGlobalSection
	GlobalSection(NestedProjects) = preSolution
		{68A48593-5B0D-4D3F-9AEB-1F291BF26307} = {34C9CD71-537F-4C0A-B8CD-AE28CF2C911F}
		{D0496380-F653-4EC4-AFA6-4759A2AF4B18} = {68A48593-5B0D-4D3F-9AEB-1F291BF26307}
		{F7A27880-C69D-489A-99C5-2EFFF7BA5866} = {34C9CD71-537F-4C0A-B8CD-AE28CF2C911F}
		{843D7C7B-B9EF-4BDF-8016-F106B6AF5007} = {F7A27880-C69D-489A-99C5-2EFFF7BA5866}
		{F5627066-AFA2-4A2F-B84D-8DD6C9A39D8D} = {34C9CD71-537F-4C0A-B8CD-AE28CF2C911F}
		{9EE7C2C7-BFAF-4791-B268-46A6486DBF12} = {F5627066-AFA2-4A2F-B84D-8DD6C9A39D8D}
		{33FF2DDE-FA2E-40B2-869A-31E801E7203B} = {F5627066-AFA2-4A2F-B84D-8DD6C9A39D8D}
		{3B605FCF-F41D-471F-B85A-FE1D200C68C7} = {34C9CD71-537F-4C0A-B8CD-AE28CF2C911F}
		{AAE46002-957B-492A-A212-42B655510F4F} = {3B605FCF-F41D-471F-B85A-FE1D200C68C7}
		{955860F5-EB72-4FE4-A8F2-7321693E11EF} = {3B605FCF-F41D-471F-B85A-FE1D200C68C7}
		{3D17DA86-35E0-4E71-9B4B-31518F23845C} = {3B605FCF-F41D-471F-B85A-FE1D200C68C7}
		{88D3CB08-5E52-472E-AD2E-B0B2EF188735} = {3B605FCF-F41D-471F-B85A-FE1D200C68C7}
	EndGlobalSection
	GlobalSection(ExtensibilityGlobals) = postSolution
		SolutionGuid = {915CB200-6AB1-459F-85D3-DE53347AD4C4}
	EndGlobalSection
EndGlobal
